{
  "version": 4,
  "terraform_version": "1.12.2",
  "serial": 6,
  "lineage": "5dbc2aa3-4e90-7900-ea10-33494a495754",
  "outputs": {},
  "resources": [
    {
      "mode": "data",
      "type": "yandex_vpc_network",
      "name": "existing",
      "provider": "provider[\"registry.terraform.io/yandex-cloud/yandex\"]",
      "instances": [
        {
          "schema_version": 0,
          "attributes": {
            "created_at": "2025-06-13T19:07:04Z",
            "default_security_group_id": "enpdpjkakidhcudm7mgi",
            "description": "my first network via yc",
            "folder_id": "b1gakt6tsl68n11f3qg2",
            "id": "enphrlau1racmkvhrfsm",
            "labels": {
              "my-label": "my-value"
            },
            "name": "my-yc-network",
            "network_id": "enphrlau1racmkvhrfsm",
            "subnet_ids": []
          },
          "sensitive_attributes": [],
          "identity_schema_version": 0
        }
      ]
    },
    {
      "mode": "managed",
      "type": "yandex_compute_disk",
      "name": "default",
      "provider": "provider[\"registry.terraform.io/yandex-cloud/yandex\"]",
      "instances": [
        {
          "schema_version": 0,
          "attributes": {
            "allow_recreate": null,
            "block_size": 4096,
            "created_at": "2025-06-14T09:59:01Z",
            "description": "",
            "disk_placement_policy": [
              {
                "disk_placement_group_id": ""
              }
            ],
            "folder_id": "b1gakt6tsl68n11f3qg2",
            "hardware_generation": [
              {
                "generation2_features": [],
                "legacy_features": [
                  {
                    "pci_topology": "PCI_TOPOLOGY_V1"
                  }
                ]
              }
            ],
            "id": "fhmci3n60gavi47609rp",
            "image_id": "fd83s8u085j3mq231ago",
            "kms_key_id": null,
            "labels": {
              "environment": "test"
            },
            "name": "disk-name",
            "product_ids": [
              "f2eth1eavhqoh47mqj08"
            ],
            "size": 150,
            "snapshot_id": "",
            "status": "ready",
            "timeouts": null,
            "type": "network-ssd",
            "zone": "ru-central1-a"
          },
          "sensitive_attributes": [],
          "identity_schema_version": 0,
          "private": "eyJlMmJmYjczMC1lY2FhLTExZTYtOGY4OC0zNDM2M2JjN2M0YzAiOnsiY3JlYXRlIjozMDAwMDAwMDAwMDAsImRlbGV0ZSI6MzAwMDAwMDAwMDAwLCJ1cGRhdGUiOjMwMDAwMDAwMDAwMH19"
        }
      ]
    },
    {
      "mode": "managed",
      "type": "yandex_compute_instance",
      "name": "default",
      "provider": "provider[\"registry.terraform.io/yandex-cloud/yandex\"]",
      "instances": [
        {
          "schema_version": 1,
          "attributes": {
            "allow_recreate": null,
            "allow_stopping_for_update": null,
            "boot_disk": [
              {
                "auto_delete": true,
                "device_name": "fhmci3n60gavi47609rp",
                "disk_id": "fhmci3n60gavi47609rp",
                "initialize_params": [
                  {
                    "block_size": 4096,
                    "description": "",
                    "image_id": "fd83s8u085j3mq231ago",
                    "kms_key_id": "",
                    "name": "disk-name",
                    "size": 150,
                    "snapshot_id": "",
                    "type": "network-ssd"
                  }
                ],
                "mode": "READ_WRITE"
              }
            ],
            "created_at": "2025-06-14T10:09:13Z",
            "description": "",
            "filesystem": [],
            "folder_id": "b1gakt6tsl68n11f3qg2",
            "fqdn": "fhmiv1aqh4vgdbg8rjv5.auto.internal",
            "gpu_cluster_id": "",
            "hardware_generation": [
              {
                "generation2_features": [],
                "legacy_features": [
                  {
                    "pci_topology": "PCI_TOPOLOGY_V1"
                  }
                ]
              }
            ],
            "hostname": "",
            "id": "fhmiv1aqh4vgdbg8rjv5",
            "labels": null,
            "local_disk": [],
            "maintenance_grace_period": "",
            "maintenance_policy": null,
            "metadata": {
              "ssh-keys": "ubuntu:ssh-rsa AAAAB3NzaC1yc2EAAAADAQABAAABgQDBNNpvILap0sVSs2vMlPLwbkakuLv5Sjz15KNll1VjYi8i/MyCgE4t23XHBArYsEDJz0xxnztGy4JbJge2jkAyVI/mJZwNWOX8rhRiu9hkLBxHRFX57dM1TcBdi9FYQ804miTIY4AiDbzxn7AlhyL2WOeykJJK+loPDEITvcPKuTdLTewfKA75IlRnGecipzpsj9iOhp9Lr5cs/fog/uAHtiK3wkpKJCLEmva5HHqXxARPY4NdjHK/qlySt1FIKwwPihxHmwEP4x1L+B3VbY3O3nsBEZvnvctSyT1F1zYjz1ko0D1jnQ/dM0xpVFjW+mdn4UUuzUY4jzlszR7quDyRiNlOX6A2+Zmt/y/8U8zq4vmF8sgpURv+SDTlnQ9JGhAfqwGM1H9Du+B2a9uCbXpEy1GlJhqY4u34G1+LjmikkW8AcTXQU6WcpL1aIuUnkVPgTLXPBBlyy/5aPXX8Dhiecv66ev7jI7YpVQqLTnY1q8CLrjRLAg3q818xA6a27xc= leonel@MacBook-Pro-Leonid.local\n"
            },
            "metadata_options": [
              {
                "aws_v1_http_endpoint": 1,
                "aws_v1_http_token": 2,
                "gce_http_endpoint": 1,
                "gce_http_token": 1
              }
            ],
            "name": "test",
            "network_acceleration_type": "standard",
            "network_interface": [
              {
                "dns_record": [],
                "index": 0,
                "ip_address": "10.5.0.16",
                "ipv4": true,
                "ipv6": false,
                "ipv6_address": "",
                "ipv6_dns_record": [],
                "mac_address": "d0:0d:12:f8:55:a8",
                "nat": true,
                "nat_dns_record": [],
                "nat_ip_address": "84.252.129.182",
                "nat_ip_version": "IPV4",
                "security_group_ids": [],
                "subnet_id": "e9bjcivcldbeor7ehth7"
              }
            ],
            "placement_policy": [
              {
                "host_affinity_rules": [],
                "placement_group_id": "",
                "placement_group_partition": 0
              }
            ],
            "platform_id": "standard-v1",
            "resources": [
              {
                "core_fraction": 100,
                "cores": 2,
                "gpus": 0,
                "memory": 4
              }
            ],
            "scheduling_policy": [
              {
                "preemptible": false
              }
            ],
            "secondary_disk": [],
            "service_account_id": "",
            "status": "running",
            "timeouts": null,
            "zone": "ru-central1-a"
          },
          "sensitive_attributes": [],
          "identity_schema_version": 0,
          "private": "eyJlMmJmYjczMC1lY2FhLTExZTYtOGY4OC0zNDM2M2JjN2M0YzAiOnsiY3JlYXRlIjozMDAwMDAwMDAwMDAsImRlbGV0ZSI6MzAwMDAwMDAwMDAwLCJ1cGRhdGUiOjMwMDAwMDAwMDAwMH0sInNjaGVtYV92ZXJzaW9uIjoiMSJ9",
          "dependencies": [
            "data.yandex_vpc_network.existing",
            "yandex_compute_disk.default",
            "yandex_vpc_subnet.default"
          ]
        }
      ]
    },
    {
      "mode": "managed",
      "type": "yandex_vpc_subnet",
      "name": "default",
      "provider": "provider[\"registry.terraform.io/yandex-cloud/yandex\"]",
      "instances": [
        {
          "schema_version": 0,
          "attributes": {
            "created_at": "2025-06-14T10:09:11Z",
            "description": "",
            "dhcp_options": [],
            "folder_id": "b1gakt6tsl68n11f3qg2",
            "id": "e9bjcivcldbeor7ehth7",
            "labels": {},
            "name": "hexlet-subnet",
            "network_id": "enphrlau1racmkvhrfsm",
            "route_table_id": "",
            "timeouts": null,
            "v4_cidr_blocks": [
              "10.5.0.0/24"
            ],
            "v6_cidr_blocks": [],
            "zone": "ru-central1-a"
          },
          "sensitive_attributes": [],
          "identity_schema_version": 0,
          "private": "eyJlMmJmYjczMC1lY2FhLTExZTYtOGY4OC0zNDM2M2JjN2M0YzAiOnsiY3JlYXRlIjoxODAwMDAwMDAwMDAsImRlbGV0ZSI6MTgwMDAwMDAwMDAwLCJ1cGRhdGUiOjE4MDAwMDAwMDAwMH19",
          "dependencies": [
            "data.yandex_vpc_network.existing"
          ]
        }
      ]
    }
  ],
  "check_results": null
}
